
Microsoft Visual Studio Solution File, Format Version 12.00
# Visual Studio Version 17
VisualStudioVersion = 17.9.34701.34
MinimumVisualStudioVersion = 10.0.40219.1
Project("{FAE04EC0-301F-11D3-BF4B-00C04F79EFBC}") = "Diplom", "Diplom\Diplom.csproj", "{0C6D50A9-CF93-452B-8F2E-F06D2A9431BD}"
EndProject
Global
	GlobalSection(SolutionConfigurationPlatforms) = preSolution
		Debug|Any CPU = Debug|Any CPU
		Release|Any CPU = Release|Any CPU
	EndGlobalSection
	GlobalSection(ProjectConfigurationPlatforms) = postSolution
		{0C6D50A9-CF93-452B-8F2E-F06D2A9431BD}.Debug|Any CPU.ActiveCfg = Debug|Any CPU
		{0C6D50A9-CF93-452B-8F2E-F06D2A9431BD}.Debug|Any CPU.Build.0 = Debug|Any CPU
		{0C6D50A9-CF93-452B-8F2E-F06D2A9431BD}.Release|Any CPU.ActiveCfg = Release|Any CPU
		{0C6D50A9-CF93-452B-8F2E-F06D2A9431BD}.Release|Any CPU.Build.0 = Release|Any CPU
	EndGlobalSection
	GlobalSection(SolutionProperties) = preSolution
		HideSolutionNode = FALSE
	EndGlobalSection
	GlobalSection(ExtensibilityGlobals) = postSolution
		SolutionGuid = {573AE4F7-BADB-4F26-A971-902E8829CCEB}
	EndGlobalSection
EndGlobal
